
Microsoft Visual Studio Solution File, Format Version 12.00
# Visual Studio Version 16
VisualStudioVersion = 16.0.32106.194
MinimumVisualStudioVersion = 10.0.40219.1
Project("{FAE04EC0-301F-11D3-BF4B-00C04F79EFBC}") = "Hotel Check in Programm", "Hotel Check in Programm\Hotel Check in Programm.csproj", "{946056CF-ADA0-4FC7-9D68-CEA4B122928A}"
EndProject
Global
	GlobalSection(SolutionConfigurationPlatforms) = preSolution
		Debug|Any CPU = Debug|Any CPU
		Release|Any CPU = Release|Any CPU
	EndGlobalSection
	GlobalSection(ProjectConfigurationPlatforms) = postSolution
		{946056CF-ADA0-4FC7-9D68-CEA4B122928A}.Debug|Any CPU.ActiveCfg = Debug|Any CPU
		{946056CF-ADA0-4FC7-9D68-CEA4B122928A}.Debug|Any CPU.Build.0 = Debug|Any CPU
		{946056CF-ADA0-4FC7-9D68-CEA4B122928A}.Release|Any CPU.ActiveCfg = Release|Any CPU
		{946056CF-ADA0-4FC7-9D68-CEA4B122928A}.Release|Any CPU.Build.0 = Release|Any CPU
	EndGlobalSection
	GlobalSection(SolutionProperties) = preSolution
		HideSolutionNode = FALSE
	EndGlobalSection
	GlobalSection(ExtensibilityGlobals) = postSolution
		SolutionGuid = {3944945A-DCF2-4B9E-93A6-88EE035633CF}
	EndGlobalSection
EndGlobal
